# This file is autogenerated, do not edit; changes may be undone by the next 'dep ensure'.


[[projects]]
  name = "github.com/google/gops"
  packages = [
    "agent",
    "internal",
    "signal"
  ]
  revision = "89672dbe3c4ba97d53af7e839e8097e1ccbb4977"
  version = "v0.3.5"

[[projects]]
  branch = "master"
  name = "github.com/kardianos/osext"
  packages = ["."]
  revision = "ae77be60afb1dcacde03767a8c37337fad28ac14"

[solve-meta]
  analyzer-name = "dep"
  analyzer-version = 1
  inputs-digest = "c37834663c045eca6e64ce65ac45c635db184e0a66e0d8ac4166ff25764d74ec"
  solver-name = "gps-cdcl"
  solver-version = 1
